
Microsoft Visual Studio Solution File, Format Version 12.00
# Visual Studio Version 17
VisualStudioVersion = 17.2.32616.157
MinimumVisualStudioVersion = 10.0.40219.1
Project("{888888A0-9F3D-457C-B088-3A5042F75D52}") = "REPKA V2", "REPKA V2\REPKA V2.pyproj", "{48BB7C59-6D97-4D71-B70B-FB4C554C9E60}"
EndProject
Global
	GlobalSection(SolutionConfigurationPlatforms) = preSolution
		Debug|Any CPU = Debug|Any CPU
		Release|Any CPU = Release|Any CPU
	EndGlobalSection
	GlobalSection(ProjectConfigurationPlatforms) = postSolution
		{48BB7C59-6D97-4D71-B70B-FB4C554C9E60}.Debug|Any CPU.ActiveCfg = Debug|Any CPU
		{48BB7C59-6D97-4D71-B70B-FB4C554C9E60}.Debug|Any CPU.Build.0 = Debug|Any CPU
		{48BB7C59-6D97-4D71-B70B-FB4C554C9E60}.Release|Any CPU.ActiveCfg = Release|Any CPU
		{48BB7C59-6D97-4D71-B70B-FB4C554C9E60}.Release|Any CPU.Build.0 = Release|Any CPU
	EndGlobalSection
	GlobalSection(SolutionProperties) = preSolution
		HideSolutionNode = FALSE
	EndGlobalSection
	GlobalSection(ExtensibilityGlobals) = postSolution
		SolutionGuid = {EC615BBD-2FEB-476A-9BA9-DE449569FAEE}
	EndGlobalSection
EndGlobal
